
Microsoft Visual Studio Solution File, Format Version 12.00
# Visual Studio Version 16
VisualStudioVersion = 16.0.30717.126
MinimumVisualStudioVersion = 10.0.40219.1
Project("{FAE04EC0-301F-11D3-BF4B-00C04F79EFBC}") = "Presentation", "Presentation\Presentation.csproj", "{838DB195-7912-41ED-BFC3-D42CDF17BC10}"
EndProject
Project("{FAE04EC0-301F-11D3-BF4B-00C04F79EFBC}") = "BusinessLogic", "BusinessLogic\BusinessLogic.csproj", "{B4D7F9D9-9345-4B8A-80E0-3C2E2E83D52B}"
EndProject
Project("{FAE04EC0-301F-11D3-BF4B-00C04F79EFBC}") = "DataAccess", "DataAccess\DataAccess.csproj", "{28BB4B51-E17E-46AA-80ED-C5BB095914A3}"
EndProject
Global
	GlobalSection(SolutionConfigurationPlatforms) = preSolution
		Debug|Any CPU = Debug|Any CPU
		Release|Any CPU = Release|Any CPU
	EndGlobalSection
	GlobalSection(ProjectConfigurationPlatforms) = postSolution
		{838DB195-7912-41ED-BFC3-D42CDF17BC10}.Debug|Any CPU.ActiveCfg = Debug|Any CPU
		{838DB195-7912-41ED-BFC3-D42CDF17BC10}.Debug|Any CPU.Build.0 = Debug|Any CPU
		{838DB195-7912-41ED-BFC3-D42CDF17BC10}.Release|Any CPU.ActiveCfg = Release|Any CPU
		{838DB195-7912-41ED-BFC3-D42CDF17BC10}.Release|Any CPU.Build.0 = Release|Any CPU
		{B4D7F9D9-9345-4B8A-80E0-3C2E2E83D52B}.Debug|Any CPU.ActiveCfg = Debug|Any CPU
		{B4D7F9D9-9345-4B8A-80E0-3C2E2E83D52B}.Debug|Any CPU.Build.0 = Debug|Any CPU
		{B4D7F9D9-9345-4B8A-80E0-3C2E2E83D52B}.Release|Any CPU.ActiveCfg = Release|Any CPU
		{B4D7F9D9-9345-4B8A-80E0-3C2E2E83D52B}.Release|Any CPU.Build.0 = Release|Any CPU
		{28BB4B51-E17E-46AA-80ED-C5BB095914A3}.Debug|Any CPU.ActiveCfg = Debug|Any CPU
		{28BB4B51-E17E-46AA-80ED-C5BB095914A3}.Debug|Any CPU.Build.0 = Debug|Any CPU
		{28BB4B51-E17E-46AA-80ED-C5BB095914A3}.Release|Any CPU.ActiveCfg = Release|Any CPU
		{28BB4B51-E17E-46AA-80ED-C5BB095914A3}.Release|Any CPU.Build.0 = Release|Any CPU
	EndGlobalSection
	GlobalSection(SolutionProperties) = preSolution
		HideSolutionNode = FALSE
	EndGlobalSection
	GlobalSection(ExtensibilityGlobals) = postSolution
		SolutionGuid = {14F7AE3B-2ADB-4EB2-BDF5-393BF3F0629C}
	EndGlobalSection
EndGlobal
